
Microsoft Visual Studio Solution File, Format Version 12.00
# Visual Studio Version 17
VisualStudioVersion = 17.5.33627.172
MinimumVisualStudioVersion = 10.0.40219.1
Project("{FAE04EC0-301F-11D3-BF4B-00C04F79EFBC}") = "Valentina6", "Valentina6.csproj", "{688C5670-BEAF-40D7-92A2-6C0F46EA5D4D}"
EndProject
Global
	GlobalSection(SolutionConfigurationPlatforms) = preSolution
		Debug|Any CPU = Debug|Any CPU
		Release|Any CPU = Release|Any CPU
	EndGlobalSection
	GlobalSection(ProjectConfigurationPlatforms) = postSolution
		{688C5670-BEAF-40D7-92A2-6C0F46EA5D4D}.Debug|Any CPU.ActiveCfg = Debug|Any CPU
		{688C5670-BEAF-40D7-92A2-6C0F46EA5D4D}.Debug|Any CPU.Build.0 = Debug|Any CPU
		{688C5670-BEAF-40D7-92A2-6C0F46EA5D4D}.Release|Any CPU.ActiveCfg = Release|Any CPU
		{688C5670-BEAF-40D7-92A2-6C0F46EA5D4D}.Release|Any CPU.Build.0 = Release|Any CPU
	EndGlobalSection
	GlobalSection(SolutionProperties) = preSolution
		HideSolutionNode = FALSE
	EndGlobalSection
	GlobalSection(ExtensibilityGlobals) = postSolution
		SolutionGuid = {140097CB-B117-4611-90A5-8AB04097E697}
	EndGlobalSection
EndGlobal
